
Microsoft Visual Studio Solution File, Format Version 12.00
# Visual Studio Version 17
VisualStudioVersion = 17.0.31903.59
MinimumVisualStudioVersion = 10.0.40219.1
Project("{FAE04EC0-301F-11D3-BF4B-00C04F79EFBC}") = "API", "API\API.csproj", "{76158699-FB4D-4567-89DB-CC233F528305}"
EndProject
Project("{FAE04EC0-301F-11D3-BF4B-00C04F79EFBC}") = "Core", "Core\Core.csproj", "{85E6EBD8-5A6D-43F9-AFF7-B4E14BEA635B}"
EndProject
Project("{FAE04EC0-301F-11D3-BF4B-00C04F79EFBC}") = "Infrastructure", "Infrastructure\Infrastructure.csproj", "{B7022F71-B0AB-46A5-9599-04801B78C52C}"
EndProject
Global
	GlobalSection(SolutionConfigurationPlatforms) = preSolution
		Debug|Any CPU = Debug|Any CPU
		Release|Any CPU = Release|Any CPU
	EndGlobalSection
	GlobalSection(SolutionProperties) = preSolution
		HideSolutionNode = FALSE
	EndGlobalSection
	GlobalSection(ProjectConfigurationPlatforms) = postSolution
		{76158699-FB4D-4567-89DB-CC233F528305}.Debug|Any CPU.ActiveCfg = Debug|Any CPU
		{76158699-FB4D-4567-89DB-CC233F528305}.Debug|Any CPU.Build.0 = Debug|Any CPU
		{76158699-FB4D-4567-89DB-CC233F528305}.Release|Any CPU.ActiveCfg = Release|Any CPU
		{76158699-FB4D-4567-89DB-CC233F528305}.Release|Any CPU.Build.0 = Release|Any CPU
		{85E6EBD8-5A6D-43F9-AFF7-B4E14BEA635B}.Debug|Any CPU.ActiveCfg = Debug|Any CPU
		{85E6EBD8-5A6D-43F9-AFF7-B4E14BEA635B}.Debug|Any CPU.Build.0 = Debug|Any CPU
		{85E6EBD8-5A6D-43F9-AFF7-B4E14BEA635B}.Release|Any CPU.ActiveCfg = Release|Any CPU
		{85E6EBD8-5A6D-43F9-AFF7-B4E14BEA635B}.Release|Any CPU.Build.0 = Release|Any CPU
		{B7022F71-B0AB-46A5-9599-04801B78C52C}.Debug|Any CPU.ActiveCfg = Debug|Any CPU
		{B7022F71-B0AB-46A5-9599-04801B78C52C}.Debug|Any CPU.Build.0 = Debug|Any CPU
		{B7022F71-B0AB-46A5-9599-04801B78C52C}.Release|Any CPU.ActiveCfg = Release|Any CPU
		{B7022F71-B0AB-46A5-9599-04801B78C52C}.Release|Any CPU.Build.0 = Release|Any CPU
	EndGlobalSection
EndGlobal
